# generated by rye
# use `rye lock` or `rye sync` to update this lockfile
#
# last locked with the following flags:
#   pre: false
#   features: []
#   all-features: false
#   with-sources: false

-e file:.
click==8.1.7
    # via flask
flask==2.2.2
    # via azure-flask-sandbox-backend
gunicorn==22.0.0
    # via azure-flask-sandbox-backend
itsdangerous==2.2.0
    # via flask
jinja2==3.1.4
    # via flask
markupsafe==2.1.5
    # via jinja2
    # via werkzeug
packaging==24.0
    # via gunicorn
werkzeug==2.2.2
    # via azure-flask-sandbox-backend
    # via flask
