# generated by rye
# use `rye lock` or `rye sync` to update this lockfile
#
# last locked with the following flags:
#   pre: false
#   features: []
#   all-features: false
#   with-sources: false

-e file:.
cachelib==0.13.0
    # via flask-session
certifi==2024.2.2
    # via requests
cffi==1.16.0
    # via cryptography
charset-normalizer==3.3.2
    # via requests
click==8.1.7
    # via flask
cryptography==42.0.7
    # via msal
    # via pyjwt
flask==2.2.2
    # via azure-flask-sandbox-backend
    # via flask-session
flask-session==0.5.0
    # via identity
gunicorn==22.0.0
    # via azure-flask-sandbox-backend
identity==0.7.0
    # via azure-flask-sandbox-backend
idna==3.7
    # via requests
itsdangerous==2.2.0
    # via flask
jinja2==3.1.4
    # via flask
markupsafe==2.1.5
    # via jinja2
    # via werkzeug
msal==1.28.0
    # via identity
packaging==24.0
    # via gunicorn
pycparser==2.22
    # via cffi
pyjwt==2.8.0
    # via msal
requests==2.31.0
    # via identity
    # via msal
urllib3==2.2.1
    # via requests
werkzeug==2.2.2
    # via azure-flask-sandbox-backend
    # via flask
